
Microsoft Visual Studio Solution File, Format Version 12.00
# Visual Studio Version 16
VisualStudioVersion = 16.0.30011.22
MinimumVisualStudioVersion = 10.0.40219.1
Project("{FAE04EC0-301F-11D3-BF4B-00C04F79EFBC}") = "Aliyava", "Aliyava\Aliyava.csproj", "{5B85834C-464B-40A3-A78A-402D02E27213}"
EndProject
Project("{2150E333-8FDC-42A3-9474-1A3956D46DE8}") = "0.Presentación", "0.Presentación", "{054EF8B3-EFE1-42ED-AB3F-6D838CA11625}"
EndProject
Project("{2150E333-8FDC-42A3-9474-1A3956D46DE8}") = "1.Bussines", "1.Bussines", "{4CEA3068-DD7D-4197-97C9-E0D87A019BE1}"
EndProject
Project("{2150E333-8FDC-42A3-9474-1A3956D46DE8}") = "2.DataAccess", "2.DataAccess", "{ABAFA430-E4C6-4436-BE28-F07932C64A40}"
EndProject
Project("{2150E333-8FDC-42A3-9474-1A3956D46DE8}") = "3.Common", "3.Common", "{7C6AD089-6882-4383-833A-655A82BCD86F}"
EndProject
Project("{FAE04EC0-301F-11D3-BF4B-00C04F79EFBC}") = "BussinesLogic", "BussinesLogic\BussinesLogic.csproj", "{5F1F260E-0604-4076-988C-A9897E0D9E90}"
EndProject
Project("{FAE04EC0-301F-11D3-BF4B-00C04F79EFBC}") = "DataAccess", "DataAccess\DataAccess.csproj", "{B7B8531B-94D0-445F-A0AA-694E68CB28FD}"
EndProject
Project("{FAE04EC0-301F-11D3-BF4B-00C04F79EFBC}") = "Common", "Common\Common.csproj", "{A7362B4C-FEDF-49BD-B23D-7017E959A624}"
EndProject
Global
	GlobalSection(SolutionConfigurationPlatforms) = preSolution
		Debug|Any CPU = Debug|Any CPU
		Release|Any CPU = Release|Any CPU
	EndGlobalSection
	GlobalSection(ProjectConfigurationPlatforms) = postSolution
		{5B85834C-464B-40A3-A78A-402D02E27213}.Debug|Any CPU.ActiveCfg = Debug|Any CPU
		{5B85834C-464B-40A3-A78A-402D02E27213}.Debug|Any CPU.Build.0 = Debug|Any CPU
		{5B85834C-464B-40A3-A78A-402D02E27213}.Release|Any CPU.ActiveCfg = Release|Any CPU
		{5B85834C-464B-40A3-A78A-402D02E27213}.Release|Any CPU.Build.0 = Release|Any CPU
		{5F1F260E-0604-4076-988C-A9897E0D9E90}.Debug|Any CPU.ActiveCfg = Debug|Any CPU
		{5F1F260E-0604-4076-988C-A9897E0D9E90}.Debug|Any CPU.Build.0 = Debug|Any CPU
		{5F1F260E-0604-4076-988C-A9897E0D9E90}.Release|Any CPU.ActiveCfg = Release|Any CPU
		{5F1F260E-0604-4076-988C-A9897E0D9E90}.Release|Any CPU.Build.0 = Release|Any CPU
		{B7B8531B-94D0-445F-A0AA-694E68CB28FD}.Debug|Any CPU.ActiveCfg = Debug|Any CPU
		{B7B8531B-94D0-445F-A0AA-694E68CB28FD}.Debug|Any CPU.Build.0 = Debug|Any CPU
		{B7B8531B-94D0-445F-A0AA-694E68CB28FD}.Release|Any CPU.ActiveCfg = Release|Any CPU
		{B7B8531B-94D0-445F-A0AA-694E68CB28FD}.Release|Any CPU.Build.0 = Release|Any CPU
		{A7362B4C-FEDF-49BD-B23D-7017E959A624}.Debug|Any CPU.ActiveCfg = Debug|Any CPU
		{A7362B4C-FEDF-49BD-B23D-7017E959A624}.Debug|Any CPU.Build.0 = Debug|Any CPU
		{A7362B4C-FEDF-49BD-B23D-7017E959A624}.Release|Any CPU.ActiveCfg = Release|Any CPU
		{A7362B4C-FEDF-49BD-B23D-7017E959A624}.Release|Any CPU.Build.0 = Release|Any CPU
	EndGlobalSection
	GlobalSection(SolutionProperties) = preSolution
		HideSolutionNode = FALSE
	EndGlobalSection
	GlobalSection(NestedProjects) = preSolution
		{5B85834C-464B-40A3-A78A-402D02E27213} = {054EF8B3-EFE1-42ED-AB3F-6D838CA11625}
		{5F1F260E-0604-4076-988C-A9897E0D9E90} = {4CEA3068-DD7D-4197-97C9-E0D87A019BE1}
		{B7B8531B-94D0-445F-A0AA-694E68CB28FD} = {ABAFA430-E4C6-4436-BE28-F07932C64A40}
		{A7362B4C-FEDF-49BD-B23D-7017E959A624} = {7C6AD089-6882-4383-833A-655A82BCD86F}
	EndGlobalSection
	GlobalSection(ExtensibilityGlobals) = postSolution
		SolutionGuid = {28C0AC2F-4D86-46DE-873B-6F7FDE6107FE}
	EndGlobalSection
EndGlobal
